
Microsoft Visual Studio Solution File, Format Version 12.00
# Visual Studio Version 17
VisualStudioVersion = 17.0.31903.59
MinimumVisualStudioVersion = 10.0.40219.1
Project("{2150E333-8FDC-42A3-9474-1A3956D46DE8}") = "src", "src", "{827E0CD3-B72D-47B6-A68D-7590B98EB39B}"
EndProject
Project("{FAE04EC0-301F-11D3-BF4B-00C04F79EFBC}") = "GameDiscoveries.Api", "src\GameDiscoveries.Api\GameDiscoveries.Api.csproj", "{2E15AE32-9F6A-40F2-9A03-3B149117C456}"
EndProject
Project("{FAE04EC0-301F-11D3-BF4B-00C04F79EFBC}") = "GameDiscoveries.BuildingBlocks", "src\GameDiscoveries.BuildingBlocks\GameDiscoveries.BuildingBlocks.csproj", "{4FDCA3DA-9ED4-4359-ABB9-2B93ECA7D1F0}"
EndProject
Project("{FAE04EC0-301F-11D3-BF4B-00C04F79EFBC}") = "GameDiscoveries.Infrastructure", "src\GameDiscoveries.Infrastructure\GameDiscoveries.Infrastructure.csproj", "{81B850A0-549C-4D8E-A213-8E2F222747A0}"
EndProject
Project("{FAE04EC0-301F-11D3-BF4B-00C04F79EFBC}") = "GameDiscoveries.Modules.Catalog", "src\GameDiscoveries.Modules.Catalog\GameDiscoveries.Modules.Catalog.csproj", "{4F47057D-39FA-439D-AF39-F96F7B5B75B0}"
EndProject
Project("{FAE04EC0-301F-11D3-BF4B-00C04F79EFBC}") = "GameDiscoveries.Modules.Providers", "src\GameDiscoveries.Modules.Providers\GameDiscoveries.Modules.Providers.csproj", "{755AD186-55C4-44A8-ACC9-C63E79F306DA}"
EndProject
Project("{FAE04EC0-301F-11D3-BF4B-00C04F79EFBC}") = "GameDiscoveries.Modules.Discovery", "src\GameDiscoveries.Modules.Discovery\GameDiscoveries.Modules.Discovery.csproj", "{C9720329-95E7-4D9C-B6F4-BEE15F67366A}"
EndProject
Project("{FAE04EC0-301F-11D3-BF4B-00C04F79EFBC}") = "GameDiscoveries.Modules.Recommendation", "src\GameDiscoveries.Modules.Recommendation\GameDiscoveries.Modules.Recommendation.csproj", "{E76DD663-6521-492E-9B46-BF4964CBD3F8}"
EndProject
Project("{FAE04EC0-301F-11D3-BF4B-00C04F79EFBC}") = "GameDiscoveries.Modules.Search", "src\GameDiscoveries.Modules.Search\GameDiscoveries.Modules.Search.csproj", "{0AE49F9F-1E1B-4446-899A-2FB2B6BC584A}"
EndProject
Project("{FAE04EC0-301F-11D3-BF4B-00C04F79EFBC}") = "GameDiscoveries.Modules.Users", "src\GameDiscoveries.Modules.Users\GameDiscoveries.Modules.Users.csproj", "{D3E0B7FC-451D-4657-9F40-229B83B69FCA}"
EndProject
Project("{FAE04EC0-301F-11D3-BF4B-00C04F79EFBC}") = "GameDiscoveries.Modules.Favorites", "src\GameDiscoveries.Modules.Favorites\GameDiscoveries.Modules.Favorites.csproj", "{8860E577-BC26-46F4-88C5-1129F8EEFB2F}"
EndProject
Project("{FAE04EC0-301F-11D3-BF4B-00C04F79EFBC}") = "GameDiscoveries.Modules.Analytics", "src\GameDiscoveries.Modules.Analytics\GameDiscoveries.Modules.Analytics.csproj", "{E38B645F-5F66-438E-A988-C9C3F61F9875}"
EndProject
Project("{FAE04EC0-301F-11D3-BF4B-00C04F79EFBC}") = "GameDiscoveries.Modules.Developer", "src\GameDiscoveries.Modules.Developer\GameDiscoveries.Modules.Developer.csproj", "{41CE15C1-1E3A-489B-8F94-0B1D20E09D92}"
EndProject
Project("{FAE04EC0-301F-11D3-BF4B-00C04F79EFBC}") = "GameDiscoveries.Modules.Advertising", "src\GameDiscoveries.Modules.Advertising\GameDiscoveries.Modules.Advertising.csproj", "{64350AF0-120C-40B4-95AD-B2F877AB1F76}"
EndProject
Project("{FAE04EC0-301F-11D3-BF4B-00C04F79EFBC}") = "GameDiscoveries.Modules.Administration", "src\GameDiscoveries.Modules.Administration\GameDiscoveries.Modules.Administration.csproj", "{32462325-7DA3-4216-9D50-3A7539B6F1C0}"
EndProject
Project("{2150E333-8FDC-42A3-9474-1A3956D46DE8}") = "tests", "tests", "{0AB3BF05-4346-4AA6-1389-037BE0695223}"
EndProject
Project("{FAE04EC0-301F-11D3-BF4B-00C04F79EFBC}") = "GameDiscoveries.ArchitectureTests", "tests\GameDiscoveries.ArchitectureTests\GameDiscoveries.ArchitectureTests.csproj", "{9C68F5FC-86F6-4EFE-8F45-CC52398DF815}"
EndProject
Project("{FAE04EC0-301F-11D3-BF4B-00C04F79EFBC}") = "GameDiscoveries.IntegrationTests", "tests\GameDiscoveries.IntegrationTests\GameDiscoveries.IntegrationTests.csproj", "{673642EC-CDBD-4991-9DDD-035E4323F26D}"
EndProject
Project("{FAE04EC0-301F-11D3-BF4B-00C04F79EFBC}") = "GameDiscoveries.UnitTests", "tests\GameDiscoveries.UnitTests\GameDiscoveries.UnitTests.csproj", "{C299FBA0-F5AA-4894-8278-0A0FAD224177}"
EndProject
Project("{FAE04EC0-301F-11D3-BF4B-00C04F79EFBC}") = "GameDiscoveries.Modules.Community", "src\GameDiscoveries.Modules.Community\GameDiscoveries.Modules.Community.csproj", "{D2D271C6-97A7-47FD-ABE2-CBBE63597A5E}"
EndProject
Global
	GlobalSection(SolutionConfigurationPlatforms) = preSolution
		Debug|Any CPU = Debug|Any CPU
		Debug|x64 = Debug|x64
		Debug|x86 = Debug|x86
		Release|Any CPU = Release|Any CPU
		Release|x64 = Release|x64
		Release|x86 = Release|x86
	EndGlobalSection
	GlobalSection(ProjectConfigurationPlatforms) = postSolution
		{2E15AE32-9F6A-40F2-9A03-3B149117C456}.Debug|Any CPU.ActiveCfg = Debug|Any CPU
		{2E15AE32-9F6A-40F2-9A03-3B149117C456}.Debug|Any CPU.Build.0 = Debug|Any CPU
		{2E15AE32-9F6A-40F2-9A03-3B149117C456}.Debug|x64.ActiveCfg = Debug|Any CPU
		{2E15AE32-9F6A-40F2-9A03-3B149117C456}.Debug|x64.Build.0 = Debug|Any CPU
		{2E15AE32-9F6A-40F2-9A03-3B149117C456}.Debug|x86.ActiveCfg = Debug|Any CPU
		{2E15AE32-9F6A-40F2-9A03-3B149117C456}.Debug|x86.Build.0 = Debug|Any CPU
		{2E15AE32-9F6A-40F2-9A03-3B149117C456}.Release|Any CPU.ActiveCfg = Release|Any CPU
		{2E15AE32-9F6A-40F2-9A03-3B149117C456}.Release|Any CPU.Build.0 = Release|Any CPU
		{2E15AE32-9F6A-40F2-9A03-3B149117C456}.Release|x64.ActiveCfg = Release|Any CPU
		{2E15AE32-9F6A-40F2-9A03-3B149117C456}.Release|x64.Build.0 = Release|Any CPU
		{2E15AE32-9F6A-40F2-9A03-3B149117C456}.Release|x86.ActiveCfg = Release|Any CPU
		{2E15AE32-9F6A-40F2-9A03-3B149117C456}.Release|x86.Build.0 = Release|Any CPU
		{4FDCA3DA-9ED4-4359-ABB9-2B93ECA7D1F0}.Debug|Any CPU.ActiveCfg = Debug|Any CPU
		{4FDCA3DA-9ED4-4359-ABB9-2B93ECA7D1F0}.Debug|Any CPU.Build.0 = Debug|Any CPU
		{4FDCA3DA-9ED4-4359-ABB9-2B93ECA7D1F0}.Debug|x64.ActiveCfg = Debug|Any CPU
		{4FDCA3DA-9ED4-4359-ABB9-2B93ECA7D1F0}.Debug|x64.Build.0 = Debug|Any CPU
		{4FDCA3DA-9ED4-4359-ABB9-2B93ECA7D1F0}.Debug|x86.ActiveCfg = Debug|Any CPU
		{4FDCA3DA-9ED4-4359-ABB9-2B93ECA7D1F0}.Debug|x86.Build.0 = Debug|Any CPU
		{4FDCA3DA-9ED4-4359-ABB9-2B93ECA7D1F0}.Release|Any CPU.ActiveCfg = Release|Any CPU
		{4FDCA3DA-9ED4-4359-ABB9-2B93ECA7D1F0}.Release|Any CPU.Build.0 = Release|Any CPU
		{4FDCA3DA-9ED4-4359-ABB9-2B93ECA7D1F0}.Release|x64.ActiveCfg = Release|Any CPU
		{4FDCA3DA-9ED4-4359-ABB9-2B93ECA7D1F0}.Release|x64.Build.0 = Release|Any CPU
		{4FDCA3DA-9ED4-4359-ABB9-2B93ECA7D1F0}.Release|x86.ActiveCfg = Release|Any CPU
		{4FDCA3DA-9ED4-4359-ABB9-2B93ECA7D1F0}.Release|x86.Build.0 = Release|Any CPU
		{81B850A0-549C-4D8E-A213-8E2F222747A0}.Debug|Any CPU.ActiveCfg = Debug|Any CPU
		{81B850A0-549C-4D8E-A213-8E2F222747A0}.Debug|Any CPU.Build.0 = Debug|Any CPU
		{81B850A0-549C-4D8E-A213-8E2F222747A0}.Debug|x64.ActiveCfg = Debug|Any CPU
		{81B850A0-549C-4D8E-A213-8E2F222747A0}.Debug|x64.Build.0 = Debug|Any CPU
		{81B850A0-549C-4D8E-A213-8E2F222747A0}.Debug|x86.ActiveCfg = Debug|Any CPU
		{81B850A0-549C-4D8E-A213-8E2F222747A0}.Debug|x86.Build.0 = Debug|Any CPU
		{81B850A0-549C-4D8E-A213-8E2F222747A0}.Release|Any CPU.ActiveCfg = Release|Any CPU
		{81B850A0-549C-4D8E-A213-8E2F222747A0}.Release|Any CPU.Build.0 = Release|Any CPU
		{81B850A0-549C-4D8E-A213-8E2F222747A0}.Release|x64.ActiveCfg = Release|Any CPU
		{81B850A0-549C-4D8E-A213-8E2F222747A0}.Release|x64.Build.0 = Release|Any CPU
		{81B850A0-549C-4D8E-A213-8E2F222747A0}.Release|x86.ActiveCfg = Release|Any CPU
		{81B850A0-549C-4D8E-A213-8E2F222747A0}.Release|x86.Build.0 = Release|Any CPU
		{4F47057D-39FA-439D-AF39-F96F7B5B75B0}.Debug|Any CPU.ActiveCfg = Debug|Any CPU
		{4F47057D-39FA-439D-AF39-F96F7B5B75B0}.Debug|Any CPU.Build.0 = Debug|Any CPU
		{4F47057D-39FA-439D-AF39-F96F7B5B75B0}.Debug|x64.ActiveCfg = Debug|Any CPU
		{4F47057D-39FA-439D-AF39-F96F7B5B75B0}.Debug|x64.Build.0 = Debug|Any CPU
		{4F47057D-39FA-439D-AF39-F96F7B5B75B0}.Debug|x86.ActiveCfg = Debug|Any CPU
		{4F47057D-39FA-439D-AF39-F96F7B5B75B0}.Debug|x86.Build.0 = Debug|Any CPU
		{4F47057D-39FA-439D-AF39-F96F7B5B75B0}.Release|Any CPU.ActiveCfg = Release|Any CPU
		{4F47057D-39FA-439D-AF39-F96F7B5B75B0}.Release|Any CPU.Build.0 = Release|Any CPU
		{4F47057D-39FA-439D-AF39-F96F7B5B75B0}.Release|x64.ActiveCfg = Release|Any CPU
		{4F47057D-39FA-439D-AF39-F96F7B5B75B0}.Release|x64.Build.0 = Release|Any CPU
		{4F47057D-39FA-439D-AF39-F96F7B5B75B0}.Release|x86.ActiveCfg = Release|Any CPU
		{4F47057D-39FA-439D-AF39-F96F7B5B75B0}.Release|x86.Build.0 = Release|Any CPU
		{755AD186-55C4-44A8-ACC9-C63E79F306DA}.Debug|Any CPU.ActiveCfg = Debug|Any CPU
		{755AD186-55C4-44A8-ACC9-C63E79F306DA}.Debug|Any CPU.Build.0 = Debug|Any CPU
		{755AD186-55C4-44A8-ACC9-C63E79F306DA}.Debug|x64.ActiveCfg = Debug|Any CPU
		{755AD186-55C4-44A8-ACC9-C63E79F306DA}.Debug|x64.Build.0 = Debug|Any CPU
		{755AD186-55C4-44A8-ACC9-C63E79F306DA}.Debug|x86.ActiveCfg = Debug|Any CPU
		{755AD186-55C4-44A8-ACC9-C63E79F306DA}.Debug|x86.Build.0 = Debug|Any CPU
		{755AD186-55C4-44A8-ACC9-C63E79F306DA}.Release|Any CPU.ActiveCfg = Release|Any CPU
		{755AD186-55C4-44A8-ACC9-C63E79F306DA}.Release|Any CPU.Build.0 = Release|Any CPU
		{755AD186-55C4-44A8-ACC9-C63E79F306DA}.Release|x64.ActiveCfg = Release|Any CPU
		{755AD186-55C4-44A8-ACC9-C63E79F306DA}.Release|x64.Build.0 = Release|Any CPU
		{755AD186-55C4-44A8-ACC9-C63E79F306DA}.Release|x86.ActiveCfg = Release|Any CPU
		{755AD186-55C4-44A8-ACC9-C63E79F306DA}.Release|x86.Build.0 = Release|Any CPU
		{C9720329-95E7-4D9C-B6F4-BEE15F67366A}.Debug|Any CPU.ActiveCfg = Debug|Any CPU
		{C9720329-95E7-4D9C-B6F4-BEE15F67366A}.Debug|Any CPU.Build.0 = Debug|Any CPU
		{C9720329-95E7-4D9C-B6F4-BEE15F67366A}.Debug|x64.ActiveCfg = Debug|Any CPU
		{C9720329-95E7-4D9C-B6F4-BEE15F67366A}.Debug|x64.Build.0 = Debug|Any CPU
		{C9720329-95E7-4D9C-B6F4-BEE15F67366A}.Debug|x86.ActiveCfg = Debug|Any CPU
		{C9720329-95E7-4D9C-B6F4-BEE15F67366A}.Debug|x86.Build.0 = Debug|Any CPU
		{C9720329-95E7-4D9C-B6F4-BEE15F67366A}.Release|Any CPU.ActiveCfg = Release|Any CPU
		{C9720329-95E7-4D9C-B6F4-BEE15F67366A}.Release|Any CPU.Build.0 = Release|Any CPU
		{C9720329-95E7-4D9C-B6F4-BEE15F67366A}.Release|x64.ActiveCfg = Release|Any CPU
		{C9720329-95E7-4D9C-B6F4-BEE15F67366A}.Release|x64.Build.0 = Release|Any CPU
		{C9720329-95E7-4D9C-B6F4-BEE15F67366A}.Release|x86.ActiveCfg = Release|Any CPU
		{C9720329-95E7-4D9C-B6F4-BEE15F67366A}.Release|x86.Build.0 = Release|Any CPU
		{E76DD663-6521-492E-9B46-BF4964CBD3F8}.Debug|Any CPU.ActiveCfg = Debug|Any CPU
		{E76DD663-6521-492E-9B46-BF4964CBD3F8}.Debug|Any CPU.Build.0 = Debug|Any CPU
		{E76DD663-6521-492E-9B46-BF4964CBD3F8}.Debug|x64.ActiveCfg = Debug|Any CPU
		{E76DD663-6521-492E-9B46-BF4964CBD3F8}.Debug|x64.Build.0 = Debug|Any CPU
		{E76DD663-6521-492E-9B46-BF4964CBD3F8}.Debug|x86.ActiveCfg = Debug|Any CPU
		{E76DD663-6521-492E-9B46-BF4964CBD3F8}.Debug|x86.Build.0 = Debug|Any CPU
		{E76DD663-6521-492E-9B46-BF4964CBD3F8}.Release|Any CPU.ActiveCfg = Release|Any CPU
		{E76DD663-6521-492E-9B46-BF4964CBD3F8}.Release|Any CPU.Build.0 = Release|Any CPU
		{E76DD663-6521-492E-9B46-BF4964CBD3F8}.Release|x64.ActiveCfg = Release|Any CPU
		{E76DD663-6521-492E-9B46-BF4964CBD3F8}.Release|x64.Build.0 = Release|Any CPU
		{E76DD663-6521-492E-9B46-BF4964CBD3F8}.Release|x86.ActiveCfg = Release|Any CPU
		{E76DD663-6521-492E-9B46-BF4964CBD3F8}.Release|x86.Build.0 = Release|Any CPU
		{0AE49F9F-1E1B-4446-899A-2FB2B6BC584A}.Debug|Any CPU.ActiveCfg = Debug|Any CPU
		{0AE49F9F-1E1B-4446-899A-2FB2B6BC584A}.Debug|Any CPU.Build.0 = Debug|Any CPU
		{0AE49F9F-1E1B-4446-899A-2FB2B6BC584A}.Debug|x64.ActiveCfg = Debug|Any CPU
		{0AE49F9F-1E1B-4446-899A-2FB2B6BC584A}.Debug|x64.Build.0 = Debug|Any CPU
		{0AE49F9F-1E1B-4446-899A-2FB2B6BC584A}.Debug|x86.ActiveCfg = Debug|Any CPU
		{0AE49F9F-1E1B-4446-899A-2FB2B6BC584A}.Debug|x86.Build.0 = Debug|Any CPU
		{0AE49F9F-1E1B-4446-899A-2FB2B6BC584A}.Release|Any CPU.ActiveCfg = Release|Any CPU
		{0AE49F9F-1E1B-4446-899A-2FB2B6BC584A}.Release|Any CPU.Build.0 = Release|Any CPU
		{0AE49F9F-1E1B-4446-899A-2FB2B6BC584A}.Release|x64.ActiveCfg = Release|Any CPU
		{0AE49F9F-1E1B-4446-899A-2FB2B6BC584A}.Release|x64.Build.0 = Release|Any CPU
		{0AE49F9F-1E1B-4446-899A-2FB2B6BC584A}.Release|x86.ActiveCfg = Release|Any CPU
		{0AE49F9F-1E1B-4446-899A-2FB2B6BC584A}.Release|x86.Build.0 = Release|Any CPU
		{D3E0B7FC-451D-4657-9F40-229B83B69FCA}.Debug|Any CPU.ActiveCfg = Debug|Any CPU
		{D3E0B7FC-451D-4657-9F40-229B83B69FCA}.Debug|Any CPU.Build.0 = Debug|Any CPU
		{D3E0B7FC-451D-4657-9F40-229B83B69FCA}.Debug|x64.ActiveCfg = Debug|Any CPU
		{D3E0B7FC-451D-4657-9F40-229B83B69FCA}.Debug|x64.Build.0 = Debug|Any CPU
		{D3E0B7FC-451D-4657-9F40-229B83B69FCA}.Debug|x86.ActiveCfg = Debug|Any CPU
		{D3E0B7FC-451D-4657-9F40-229B83B69FCA}.Debug|x86.Build.0 = Debug|Any CPU
		{D3E0B7FC-451D-4657-9F40-229B83B69FCA}.Release|Any CPU.ActiveCfg = Release|Any CPU
		{D3E0B7FC-451D-4657-9F40-229B83B69FCA}.Release|Any CPU.Build.0 = Release|Any CPU
		{D3E0B7FC-451D-4657-9F40-229B83B69FCA}.Release|x64.ActiveCfg = Release|Any CPU
		{D3E0B7FC-451D-4657-9F40-229B83B69FCA}.Release|x64.Build.0 = Release|Any CPU
		{D3E0B7FC-451D-4657-9F40-229B83B69FCA}.Release|x86.ActiveCfg = Release|Any CPU
		{D3E0B7FC-451D-4657-9F40-229B83B69FCA}.Release|x86.Build.0 = Release|Any CPU
		{8860E577-BC26-46F4-88C5-1129F8EEFB2F}.Debug|Any CPU.ActiveCfg = Debug|Any CPU
		{8860E577-BC26-46F4-88C5-1129F8EEFB2F}.Debug|Any CPU.Build.0 = Debug|Any CPU
		{8860E577-BC26-46F4-88C5-1129F8EEFB2F}.Debug|x64.ActiveCfg = Debug|Any CPU
		{8860E577-BC26-46F4-88C5-1129F8EEFB2F}.Debug|x64.Build.0 = Debug|Any CPU
		{8860E577-BC26-46F4-88C5-1129F8EEFB2F}.Debug|x86.ActiveCfg = Debug|Any CPU
		{8860E577-BC26-46F4-88C5-1129F8EEFB2F}.Debug|x86.Build.0 = Debug|Any CPU
		{8860E577-BC26-46F4-88C5-1129F8EEFB2F}.Release|Any CPU.ActiveCfg = Release|Any CPU
		{8860E577-BC26-46F4-88C5-1129F8EEFB2F}.Release|Any CPU.Build.0 = Release|Any CPU
		{8860E577-BC26-46F4-88C5-1129F8EEFB2F}.Release|x64.ActiveCfg = Release|Any CPU
		{8860E577-BC26-46F4-88C5-1129F8EEFB2F}.Release|x64.Build.0 = Release|Any CPU
		{8860E577-BC26-46F4-88C5-1129F8EEFB2F}.Release|x86.ActiveCfg = Release|Any CPU
		{8860E577-BC26-46F4-88C5-1129F8EEFB2F}.Release|x86.Build.0 = Release|Any CPU
		{E38B645F-5F66-438E-A988-C9C3F61F9875}.Debug|Any CPU.ActiveCfg = Debug|Any CPU
		{E38B645F-5F66-438E-A988-C9C3F61F9875}.Debug|Any CPU.Build.0 = Debug|Any CPU
		{E38B645F-5F66-438E-A988-C9C3F61F9875}.Debug|x64.ActiveCfg = Debug|Any CPU
		{E38B645F-5F66-438E-A988-C9C3F61F9875}.Debug|x64.Build.0 = Debug|Any CPU
		{E38B645F-5F66-438E-A988-C9C3F61F9875}.Debug|x86.ActiveCfg = Debug|Any CPU
		{E38B645F-5F66-438E-A988-C9C3F61F9875}.Debug|x86.Build.0 = Debug|Any CPU
		{E38B645F-5F66-438E-A988-C9C3F61F9875}.Release|Any CPU.ActiveCfg = Release|Any CPU
		{E38B645F-5F66-438E-A988-C9C3F61F9875}.Release|Any CPU.Build.0 = Release|Any CPU
		{E38B645F-5F66-438E-A988-C9C3F61F9875}.Release|x64.ActiveCfg = Release|Any CPU
		{E38B645F-5F66-438E-A988-C9C3F61F9875}.Release|x64.Build.0 = Release|Any CPU
		{E38B645F-5F66-438E-A988-C9C3F61F9875}.Release|x86.ActiveCfg = Release|Any CPU
		{E38B645F-5F66-438E-A988-C9C3F61F9875}.Release|x86.Build.0 = Release|Any CPU
		{41CE15C1-1E3A-489B-8F94-0B1D20E09D92}.Debug|Any CPU.ActiveCfg = Debug|Any CPU
		{41CE15C1-1E3A-489B-8F94-0B1D20E09D92}.Debug|Any CPU.Build.0 = Debug|Any CPU
		{41CE15C1-1E3A-489B-8F94-0B1D20E09D92}.Debug|x64.ActiveCfg = Debug|Any CPU
		{41CE15C1-1E3A-489B-8F94-0B1D20E09D92}.Debug|x64.Build.0 = Debug|Any CPU
		{41CE15C1-1E3A-489B-8F94-0B1D20E09D92}.Debug|x86.ActiveCfg = Debug|Any CPU
		{41CE15C1-1E3A-489B-8F94-0B1D20E09D92}.Debug|x86.Build.0 = Debug|Any CPU
		{41CE15C1-1E3A-489B-8F94-0B1D20E09D92}.Release|Any CPU.ActiveCfg = Release|Any CPU
		{41CE15C1-1E3A-489B-8F94-0B1D20E09D92}.Release|Any CPU.Build.0 = Release|Any CPU
		{41CE15C1-1E3A-489B-8F94-0B1D20E09D92}.Release|x64.ActiveCfg = Release|Any CPU
		{41CE15C1-1E3A-489B-8F94-0B1D20E09D92}.Release|x64.Build.0 = Release|Any CPU
		{41CE15C1-1E3A-489B-8F94-0B1D20E09D92}.Release|x86.ActiveCfg = Release|Any CPU
		{41CE15C1-1E3A-489B-8F94-0B1D20E09D92}.Release|x86.Build.0 = Release|Any CPU
		{64350AF0-120C-40B4-95AD-B2F877AB1F76}.Debug|Any CPU.ActiveCfg = Debug|Any CPU
		{64350AF0-120C-40B4-95AD-B2F877AB1F76}.Debug|Any CPU.Build.0 = Debug|Any CPU
		{64350AF0-120C-40B4-95AD-B2F877AB1F76}.Debug|x64.ActiveCfg = Debug|Any CPU
		{64350AF0-120C-40B4-95AD-B2F877AB1F76}.Debug|x64.Build.0 = Debug|Any CPU
		{64350AF0-120C-40B4-95AD-B2F877AB1F76}.Debug|x86.ActiveCfg = Debug|Any CPU
		{64350AF0-120C-40B4-95AD-B2F877AB1F76}.Debug|x86.Build.0 = Debug|Any CPU
		{64350AF0-120C-40B4-95AD-B2F877AB1F76}.Release|Any CPU.ActiveCfg = Release|Any CPU
		{64350AF0-120C-40B4-95AD-B2F877AB1F76}.Release|Any CPU.Build.0 = Release|Any CPU
		{64350AF0-120C-40B4-95AD-B2F877AB1F76}.Release|x64.ActiveCfg = Release|Any CPU
		{64350AF0-120C-40B4-95AD-B2F877AB1F76}.Release|x64.Build.0 = Release|Any CPU
		{64350AF0-120C-40B4-95AD-B2F877AB1F76}.Release|x86.ActiveCfg = Release|Any CPU
		{64350AF0-120C-40B4-95AD-B2F877AB1F76}.Release|x86.Build.0 = Release|Any CPU
		{32462325-7DA3-4216-9D50-3A7539B6F1C0}.Debug|Any CPU.ActiveCfg = Debug|Any CPU
		{32462325-7DA3-4216-9D50-3A7539B6F1C0}.Debug|Any CPU.Build.0 = Debug|Any CPU
		{32462325-7DA3-4216-9D50-3A7539B6F1C0}.Debug|x64.ActiveCfg = Debug|Any CPU
		{32462325-7DA3-4216-9D50-3A7539B6F1C0}.Debug|x64.Build.0 = Debug|Any CPU
		{32462325-7DA3-4216-9D50-3A7539B6F1C0}.Debug|x86.ActiveCfg = Debug|Any CPU
		{32462325-7DA3-4216-9D50-3A7539B6F1C0}.Debug|x86.Build.0 = Debug|Any CPU
		{32462325-7DA3-4216-9D50-3A7539B6F1C0}.Release|Any CPU.ActiveCfg = Release|Any CPU
		{32462325-7DA3-4216-9D50-3A7539B6F1C0}.Release|Any CPU.Build.0 = Release|Any CPU
		{32462325-7DA3-4216-9D50-3A7539B6F1C0}.Release|x64.ActiveCfg = Release|Any CPU
		{32462325-7DA3-4216-9D50-3A7539B6F1C0}.Release|x64.Build.0 = Release|Any CPU
		{32462325-7DA3-4216-9D50-3A7539B6F1C0}.Release|x86.ActiveCfg = Release|Any CPU
		{32462325-7DA3-4216-9D50-3A7539B6F1C0}.Release|x86.Build.0 = Release|Any CPU
		{9C68F5FC-86F6-4EFE-8F45-CC52398DF815}.Debug|Any CPU.ActiveCfg = Debug|Any CPU
		{9C68F5FC-86F6-4EFE-8F45-CC52398DF815}.Debug|Any CPU.Build.0 = Debug|Any CPU
		{9C68F5FC-86F6-4EFE-8F45-CC52398DF815}.Debug|x64.ActiveCfg = Debug|Any CPU
		{9C68F5FC-86F6-4EFE-8F45-CC52398DF815}.Debug|x64.Build.0 = Debug|Any CPU
		{9C68F5FC-86F6-4EFE-8F45-CC52398DF815}.Debug|x86.ActiveCfg = Debug|Any CPU
		{9C68F5FC-86F6-4EFE-8F45-CC52398DF815}.Debug|x86.Build.0 = Debug|Any CPU
		{9C68F5FC-86F6-4EFE-8F45-CC52398DF815}.Release|Any CPU.ActiveCfg = Release|Any CPU
		{9C68F5FC-86F6-4EFE-8F45-CC52398DF815}.Release|Any CPU.Build.0 = Release|Any CPU
		{9C68F5FC-86F6-4EFE-8F45-CC52398DF815}.Release|x64.ActiveCfg = Release|Any CPU
		{9C68F5FC-86F6-4EFE-8F45-CC52398DF815}.Release|x64.Build.0 = Release|Any CPU
		{9C68F5FC-86F6-4EFE-8F45-CC52398DF815}.Release|x86.ActiveCfg = Release|Any CPU
		{9C68F5FC-86F6-4EFE-8F45-CC52398DF815}.Release|x86.Build.0 = Release|Any CPU
		{673642EC-CDBD-4991-9DDD-035E4323F26D}.Debug|Any CPU.ActiveCfg = Debug|Any CPU
		{673642EC-CDBD-4991-9DDD-035E4323F26D}.Debug|Any CPU.Build.0 = Debug|Any CPU
		{673642EC-CDBD-4991-9DDD-035E4323F26D}.Debug|x64.ActiveCfg = Debug|Any CPU
		{673642EC-CDBD-4991-9DDD-035E4323F26D}.Debug|x64.Build.0 = Debug|Any CPU
		{673642EC-CDBD-4991-9DDD-035E4323F26D}.Debug|x86.ActiveCfg = Debug|Any CPU
		{673642EC-CDBD-4991-9DDD-035E4323F26D}.Debug|x86.Build.0 = Debug|Any CPU
		{673642EC-CDBD-4991-9DDD-035E4323F26D}.Release|Any CPU.ActiveCfg = Release|Any CPU
		{673642EC-CDBD-4991-9DDD-035E4323F26D}.Release|Any CPU.Build.0 = Release|Any CPU
		{673642EC-CDBD-4991-9DDD-035E4323F26D}.Release|x64.ActiveCfg = Release|Any CPU
		{673642EC-CDBD-4991-9DDD-035E4323F26D}.Release|x64.Build.0 = Release|Any CPU
		{673642EC-CDBD-4991-9DDD-035E4323F26D}.Release|x86.ActiveCfg = Release|Any CPU
		{673642EC-CDBD-4991-9DDD-035E4323F26D}.Release|x86.Build.0 = Release|Any CPU
		{C299FBA0-F5AA-4894-8278-0A0FAD224177}.Debug|Any CPU.ActiveCfg = Debug|Any CPU
		{C299FBA0-F5AA-4894-8278-0A0FAD224177}.Debug|Any CPU.Build.0 = Debug|Any CPU
		{C299FBA0-F5AA-4894-8278-0A0FAD224177}.Debug|x64.ActiveCfg = Debug|Any CPU
		{C299FBA0-F5AA-4894-8278-0A0FAD224177}.Debug|x64.Build.0 = Debug|Any CPU
		{C299FBA0-F5AA-4894-8278-0A0FAD224177}.Debug|x86.ActiveCfg = Debug|Any CPU
		{C299FBA0-F5AA-4894-8278-0A0FAD224177}.Debug|x86.Build.0 = Debug|Any CPU
		{C299FBA0-F5AA-4894-8278-0A0FAD224177}.Release|Any CPU.ActiveCfg = Release|Any CPU
		{C299FBA0-F5AA-4894-8278-0A0FAD224177}.Release|Any CPU.Build.0 = Release|Any CPU
		{C299FBA0-F5AA-4894-8278-0A0FAD224177}.Release|x64.ActiveCfg = Release|Any CPU
		{C299FBA0-F5AA-4894-8278-0A0FAD224177}.Release|x64.Build.0 = Release|Any CPU
		{C299FBA0-F5AA-4894-8278-0A0FAD224177}.Release|x86.ActiveCfg = Release|Any CPU
		{C299FBA0-F5AA-4894-8278-0A0FAD224177}.Release|x86.Build.0 = Release|Any CPU
		{D2D271C6-97A7-47FD-ABE2-CBBE63597A5E}.Debug|Any CPU.ActiveCfg = Debug|Any CPU
		{D2D271C6-97A7-47FD-ABE2-CBBE63597A5E}.Debug|Any CPU.Build.0 = Debug|Any CPU
		{D2D271C6-97A7-47FD-ABE2-CBBE63597A5E}.Debug|x64.ActiveCfg = Debug|Any CPU
		{D2D271C6-97A7-47FD-ABE2-CBBE63597A5E}.Debug|x64.Build.0 = Debug|Any CPU
		{D2D271C6-97A7-47FD-ABE2-CBBE63597A5E}.Debug|x86.ActiveCfg = Debug|Any CPU
		{D2D271C6-97A7-47FD-ABE2-CBBE63597A5E}.Debug|x86.Build.0 = Debug|Any CPU
		{D2D271C6-97A7-47FD-ABE2-CBBE63597A5E}.Release|Any CPU.ActiveCfg = Release|Any CPU
		{D2D271C6-97A7-47FD-ABE2-CBBE63597A5E}.Release|Any CPU.Build.0 = Release|Any CPU
		{D2D271C6-97A7-47FD-ABE2-CBBE63597A5E}.Release|x64.ActiveCfg = Release|Any CPU
		{D2D271C6-97A7-47FD-ABE2-CBBE63597A5E}.Release|x64.Build.0 = Release|Any CPU
		{D2D271C6-97A7-47FD-ABE2-CBBE63597A5E}.Release|x86.ActiveCfg = Release|Any CPU
		{D2D271C6-97A7-47FD-ABE2-CBBE63597A5E}.Release|x86.Build.0 = Release|Any CPU
	EndGlobalSection
	GlobalSection(SolutionProperties) = preSolution
		HideSolutionNode = FALSE
	EndGlobalSection
	GlobalSection(NestedProjects) = preSolution
		{2E15AE32-9F6A-40F2-9A03-3B149117C456} = {827E0CD3-B72D-47B6-A68D-7590B98EB39B}
		{4FDCA3DA-9ED4-4359-ABB9-2B93ECA7D1F0} = {827E0CD3-B72D-47B6-A68D-7590B98EB39B}
		{81B850A0-549C-4D8E-A213-8E2F222747A0} = {827E0CD3-B72D-47B6-A68D-7590B98EB39B}
		{4F47057D-39FA-439D-AF39-F96F7B5B75B0} = {827E0CD3-B72D-47B6-A68D-7590B98EB39B}
		{755AD186-55C4-44A8-ACC9-C63E79F306DA} = {827E0CD3-B72D-47B6-A68D-7590B98EB39B}
		{C9720329-95E7-4D9C-B6F4-BEE15F67366A} = {827E0CD3-B72D-47B6-A68D-7590B98EB39B}
		{E76DD663-6521-492E-9B46-BF4964CBD3F8} = {827E0CD3-B72D-47B6-A68D-7590B98EB39B}
		{0AE49F9F-1E1B-4446-899A-2FB2B6BC584A} = {827E0CD3-B72D-47B6-A68D-7590B98EB39B}
		{D3E0B7FC-451D-4657-9F40-229B83B69FCA} = {827E0CD3-B72D-47B6-A68D-7590B98EB39B}
		{8860E577-BC26-46F4-88C5-1129F8EEFB2F} = {827E0CD3-B72D-47B6-A68D-7590B98EB39B}
		{E38B645F-5F66-438E-A988-C9C3F61F9875} = {827E0CD3-B72D-47B6-A68D-7590B98EB39B}
		{41CE15C1-1E3A-489B-8F94-0B1D20E09D92} = {827E0CD3-B72D-47B6-A68D-7590B98EB39B}
		{64350AF0-120C-40B4-95AD-B2F877AB1F76} = {827E0CD3-B72D-47B6-A68D-7590B98EB39B}
		{32462325-7DA3-4216-9D50-3A7539B6F1C0} = {827E0CD3-B72D-47B6-A68D-7590B98EB39B}
		{9C68F5FC-86F6-4EFE-8F45-CC52398DF815} = {0AB3BF05-4346-4AA6-1389-037BE0695223}
		{673642EC-CDBD-4991-9DDD-035E4323F26D} = {0AB3BF05-4346-4AA6-1389-037BE0695223}
		{C299FBA0-F5AA-4894-8278-0A0FAD224177} = {0AB3BF05-4346-4AA6-1389-037BE0695223}
		{D2D271C6-97A7-47FD-ABE2-CBBE63597A5E} = {827E0CD3-B72D-47B6-A68D-7590B98EB39B}
	EndGlobalSection
EndGlobal
